
Microsoft Visual Studio Solution File, Format Version 12.00
# Visual Studio Version 17
VisualStudioVersion = 17.14.36616.10 d17.14
MinimumVisualStudioVersion = 10.0.40219.1
Project("{FAE04EC0-301F-11D3-BF4B-00C04F79EFBC}") = "opp_assignment3", "opp_assignment3\opp_assignment3.csproj", "{4A5591BA-D61B-4A6C-A208-CF4240758D30}"
EndProject
Global
	GlobalSection(SolutionConfigurationPlatforms) = preSolution
		Debug|Any CPU = Debug|Any CPU
		Release|Any CPU = Release|Any CPU
	EndGlobalSection
	GlobalSection(ProjectConfigurationPlatforms) = postSolution
		{4A5591BA-D61B-4A6C-A208-CF4240758D30}.Debug|Any CPU.ActiveCfg = Debug|Any CPU
		{4A5591BA-D61B-4A6C-A208-CF4240758D30}.Debug|Any CPU.Build.0 = Debug|Any CPU
		{4A5591BA-D61B-4A6C-A208-CF4240758D30}.Release|Any CPU.ActiveCfg = Release|Any CPU
		{4A5591BA-D61B-4A6C-A208-CF4240758D30}.Release|Any CPU.Build.0 = Release|Any CPU
	EndGlobalSection
	GlobalSection(SolutionProperties) = preSolution
		HideSolutionNode = FALSE
	EndGlobalSection
	GlobalSection(ExtensibilityGlobals) = postSolution
		SolutionGuid = {106A54BD-9E32-4BB3-87F7-6F2168D563CC}
	EndGlobalSection
EndGlobal
